// !$*UTF8*$!
{
	archiveVersion = 1;
	classes = {
	};
	objectVersion = 46;
	objects = {

/* Begin PBXBuildFile section */
		1B42D1EA1E23DA130026EE32 /* main.m in Sources */ = {isa = PBXBuildFile; fileRef = 1B42D1E91E23DA130026EE32 /* main.m */; };
		1B42D1ED1E23DA140026EE32 /* AppDelegate.m in Sources */ = {isa = PBXBuildFile; fileRef = 1B42D1EC1E23DA140026EE32 /* AppDelegate.m */; };
		1B42D1F01E23DA140026EE32 /* ViewController.m in Sources */ = {isa = PBXBuildFile; fileRef = 1B42D1EF1E23DA140026EE32 /* ViewController.m */; };
		1B42D1F31E23DA140026EE32 /* Main.storyboard in Resources */ = {isa = PBXBuildFile; fileRef = 1B42D1F11E23DA140026EE32 /* Main.storyboard */; };
		1B42D1F51E23DA140026EE32 /* Assets.xcassets in Resources */ = {isa = PBXBuildFile; fileRef = 1B42D1F41E23DA140026EE32 /* Assets.xcassets */; };
		1B42D1F81E23DA140026EE32 /* LaunchScreen.storyboard in Resources */ = {isa = PBXBuildFile; fileRef = 1B42D1F61E23DA140026EE32 /* LaunchScreen.storyboard */; };
/* End PBXBuildFile section */

/* Begin PBXFileReference section */
		1B42D1E51E23DA130026EE32 /* AccessUI.app */ = {isa = PBXFileReference; explicitFileType = wrapper.application; includeInIndex = 0; path = AccessUI.app; sourceTree = BUILT_PRODUCTS_DIR; };
		1B42D1E91E23DA130026EE32 /* main.m */ = {isa = PBXFileReference; lastKnownFileType = sourcecode.c.objc; path = main.m; sourceTree = "<group>"; };
		1B42D1EB1E23DA130026EE32 /* AppDelegate.h */ = {isa = PBXFileReference; lastKnownFileType = sourcecode.c.h; path = AppDelegate.h; sourceTree = "<group>"; };
		1B42D1EC1E23DA140026EE32 /* AppDelegate.m */ = {isa = PBXFileReference; lastKnownFileType = sourcecode.c.objc; path = AppDelegate.m; sourceTree = "<group>"; };
		1B42D1EE1E23DA140026EE32 /* ViewController.h */ = {isa = PBXFileReference; lastKnownFileType = sourcecode.c.h; path = ViewController.h; sourceTree = "<group>"; };
		1B42D1EF1E23DA140026EE32 /* ViewController.m */ = {isa = PBXFileReference; lastKnownFileType = sourcecode.c.objc; path = ViewController.m; sourceTree = "<group>"; };
		1B42D1F21E23DA140026EE32 /* Base */ = {isa = PBXFileReference; lastKnownFileType = file.storyboard; name = Base; path = Base.lproj/Main.storyboard; sourceTree = "<group>"; };
		1B42D1F41E23DA140026EE32 /* Assets.xcassets */ = {isa = PBXFileReference; lastKnownFileType = folder.assetcatalog; path = Assets.xcassets; sourceTree = "<group>"; };
		1B42D1F71E23DA140026EE32 /* Base */ = {isa = PBXFileReference; lastKnownFileType = file.storyboard; name = Base; path = Base.lproj/LaunchScreen.storyboard; sourceTree = "<group>"; };
		1B42D1F91E23DA140026EE32 /* Info.plist */ = {isa = PBXFileReference; lastKnownFileType = text.plist.xml; path = Info.plist; sourceTree = "<group>"; };
/* End PBXFileReference section */

/* Begin PBXFrameworksBuildPhase section */
		1B42D1E21E23DA130026EE32 /* Frameworks */ = {
			isa = PBXFrameworksBuildPhase;
			buildActionMask = 2147483647;
			files = (
			);
			runOnlyForDeploymentPostprocessing = 0;
		};
/* End PBXFrameworksBuildPhase section */

/* Begin PBXGroup section */
		1B42D1DC1E23DA130026EE32 = {
			isa = PBXGroup;
			children = (
				1B42D1E71E23DA130026EE32 /* AccessUI */,
				1B42D1E61E23DA130026EE32 /* Products */,
			);
			sourceTree = "<group>";
		};
		1B42D1E61E23DA130026EE32 /* Products */ = {
			isa = PBXGroup;
			children = (
				1B42D1E51E23DA130026EE32 /* AccessUI.app */,
			);
			name = Products;
			sourceTree = "<group>";
		};
		1B42D1E71E23DA130026EE32 /* AccessUI */ = {
			isa = PBXGroup;
			children = (
				1B42D1EB1E23DA130026EE32 /* AppDelegate.h */,
				1B42D1EC1E23DA140026EE32 /* AppDelegate.m */,
				1B42D1EE1E23DA140026EE32 /* ViewController.h */,
				1B42D1EF1E23DA140026EE32 /* ViewController.m */,
				1B42D1F11E23DA140026EE32 /* Main.storyboard */,
				1B42D1F41E23DA140026EE32 /* Assets.xcassets */,
				1B42D1F61E23DA140026EE32 /* LaunchScreen.storyboard */,
				1B42D1F91E23DA140026EE32 /* Info.plist */,
				1B42D1E81E23DA130026EE32 /* Supporting Files */,
			);
			path = AccessUI;
			sourceTree = "<group>";
		};
		1B42D1E81E23DA130026EE32 /* Supporting Files */ = {
			isa = PBXGroup;
			children = (
				1B42D1E91E23DA130026EE32 /* main.m */,
			);
			name = "Supporting Files";
			sourceTree = "<group>";
		};
/* End PBXGroup section */

/* Begin PBXNativeTarget section */
		1B42D1E41E23DA130026EE32 /* AccessUI */ = {
			isa = PBXNativeTarget;
			buildConfigurationList = 1B42D1FC1E23DA140026EE32 /* Build configuration list for PBXNativeTarget "AccessUI" */;
			buildPhases = (
				1B42D1E11E23DA130026EE32 /* Sources */,
				1B42D1E21E23DA130026EE32 /* Frameworks */,
				1B42D1E31E23DA130026EE32 /* Resources */,
			);
			buildRules = (
			);
			dependencies = (
			);
			name = AccessUI;
			productName = AccessUI;
			productReference = 1B42D1E51E23DA130026EE32 /* AccessUI.app */;
			productType = "com.apple.product-type.application";
		};
/* End PBXNativeTarget section */

/* Begin PBXProject section */
		1B42D1DD1E23DA130026EE32 /* Project object */ = {
			isa = PBXProject;
			attributes = {
				LastUpgradeCheck = 0820;
				ORGANIZATIONNAME = liumengchen;
				TargetAttributes = {
					1B42D1E41E23DA130026EE32 = {
						CreatedOnToolsVersion = 8.2.1;
						DevelopmentTeam = Y849773338;
						ProvisioningStyle = Automatic;
					};
				};
			};
			buildConfigurationList = 1B42D1E01E23DA130026EE32 /* Build configuration list for PBXProject "AccessUI" */;
			compatibilityVersion = "Xcode 3.2";
			developmentRegion = English;
			hasScannedForEncodings = 0;
			knownRegions = (
				en,
				Base,
			);
			mainGroup = 1B42D1DC1E23DA130026EE32;
			productRefGroup = 1B42D1E61E23DA130026EE32 /* Products */;
			projectDirPath = "";
			projectRoot = "";
			targets = (
				1B42D1E41E23DA130026EE32 /* AccessUI */,
			);
		};
/* End PBXProject section */

/* Begin PBXResourcesBuildPhase section */
		1B42D1E31E23DA130026EE32 /* Resources */ = {
			isa = PBXResourcesBuildPhase;
			buildActionMask = 2147483647;
			files = (
				1B42D1F81E23DA140026EE32 /* LaunchScreen.storyboard in Resources */,
				1B42D1F51E23DA140026EE32 /* Assets.xcassets in Resources */,
				1B42D1F31E23DA140026EE32 /* Main.storyboard in Resources */,
			);
			runOnlyForDeploymentPostprocessing = 0;
		};
/* End PBXResourcesBuildPhase section */

/* Begin PBXSourcesBuildPhase section */
		1B42D1E11E23DA130026EE32 /* Sources */ = {
			isa = PBXSourcesBuildPhase;
			buildActionMask = 2147483647;
			files = (
				1B42D1F01E23DA140026EE32 /* ViewController.m in Sources */,
				1B42D1ED1E23DA140026EE32 /* AppDelegate.m in Sources */,
				1B42D1EA1E23DA130026EE32 /* main.m in Sources */,
			);
			runOnlyForDeploymentPostprocessing = 0;
		};
/* End PBXSourcesBuildPhase section */

/* Begin PBXVariantGroup section */
		1B42D1F11E23DA140026EE32 /* Main.storyboard */ = {
			isa = PBXVariantGroup;
			children = (
				1B42D1F21E23DA140026EE32 /* Base */,
			);
			name = Main.storyboard;
			sourceTree = "<group>";
		};
		1B42D1F61E23DA140026EE32 /* LaunchScreen.storyboard */ = {
			isa = PBXVariantGroup;
			children = (
				1B42D1F71E23DA140026EE32 /* Base */,
			);
			name = LaunchScreen.storyboard;
			sourceTree = "<group>";
		};
/* End PBXVariantGroup section */

/* Begin XCBuildConfiguration section */
		1B42D1FA1E23DA140026EE32 /* Debug */ = {
			isa = XCBuildConfiguration;
			buildSettings = {
				ALWAYS_SEARCH_USER_PATHS = NO;
				CLANG_ANALYZER_NONNULL = YES;
				CLANG_CXX_LANGUAGE_STANDARD = "gnu++0x";
				CLANG_CXX_LIBRARY = "libc++";
				CLANG_ENABLE_MODULES = YES;
				CLANG_ENABLE_OBJC_ARC = YES;
				CLANG_WARN_BOOL_CONVERSION = YES;
				CLANG_WARN_CONSTANT_CONVERSION = YES;
				CLANG_WARN_DIRECT_OBJC_ISA_USAGE = YES_ERROR;
				CLANG_WARN_DOCUMENTATION_COMMENTS = YES;
				CLANG_WARN_EMPTY_BODY = YES;
				CLANG_WARN_ENUM_CONVERSION = YES;
				CLANG_WARN_INFINITE_RECURSION = YES;
				CLANG_WARN_INT_CONVERSION = YES;
				CLANG_WARN_OBJC_ROOT_CLASS = YES_ERROR;
				CLANG_WARN_SUSPICIOUS_MOVE = YES;
				CLANG_WARN_UNREACHABLE_CODE = YES;
				CLANG_WARN__DUPLICATE_METHOD_MATCH = YES;
				"CODE_SIGN_IDENTITY[sdk=iphoneos*]" = "iPhone Developer";
				COPY_PHASE_STRIP = NO;
				DEBUG_INFORMATION_FORMAT = dwarf;
				ENABLE_STRICT_OBJC_MSGSEND = YES;
				ENABLE_TESTABILITY = YES;
				GCC_C_LANGUAGE_STANDARD = gnu99;
				GCC_DYNAMIC_NO_PIC = NO;
				GCC_NO_COMMON_BLOCKS = YES;
				GCC_OPTIMIZATION_LEVEL = 0;
				GCC_PREPROCESSOR_DEFINITIONS = (
					"DEBUG=1",
					"$(inherited)",
				);
				GCC_WARN_64_TO_32_BIT_CONVERSION = YES;
				GCC_WARN_ABOUT_RETURN_TYPE = YES_ERROR;
				GCC_WARN_UNDECLARED_SELECTOR = YES;
				GCC_WARN_UNINITIALIZED_AUTOS = YES_AGGRESSIVE;
				GCC_WARN_UNUSED_FUNCTION = YES;
				GCC_WARN_UNUSED_VARIABLE = YES;
				IPHONEOS_DEPLOYMENT_TARGET = 10.2;
				MTL_ENABLE_DEBUG_INFO = YES;
				ONLY_ACTIVE_ARCH = YES;
				SDKROOT = iphoneos;
			};
			name = Debug;
		};
		1B42D1FB1E23DA140026EE32 /* Release */ = {
			isa = XCBuildConfiguration;
			buildSettings = {
				ALWAYS_SEARCH_USER_PATHS = NO;
				CLANG_ANALYZER_NONNULL = YES;
				CLANG_CXX_LANGUAGE_STANDARD = "gnu++0x";
				CLANG_CXX_LIBRARY = "libc++";
				CLANG_ENABLE_MODULES = YES;
				CLANG_ENABLE_OBJC_ARC = YES;
				CLANG_WARN_BOOL_CONVERSION = YES;
				CLANG_WARN_CONSTANT_CONVERSION = YES;
				CLANG_WARN_DIRECT_OBJC_ISA_USAGE = YES_ERROR;
				CLANG_WARN_DOCUMENTATION_COMMENTS = YES;
				CLANG_WARN_EMPTY_BODY = YES;
				CLANG_WARN_ENUM_CONVERSION = YES;
				CLANG_WARN_INFINITE_RECURSION = YES;
				CLANG_WARN_INT_CONVERSION = YES;
				CLANG_WARN_OBJC_ROOT_CLASS = YES_ERROR;
				CLANG_WARN_SUSPICIOUS_MOVE = YES;
				CLANG_WARN_UNREACHABLE_CODE = YES;
				CLANG_WARN__DUPLICATE_METHOD_MATCH = YES;
				"CODE_SIGN_IDENTITY[sdk=iphoneos*]" = "iPhone Developer";
				COPY_PHASE_STRIP = NO;
				DEBUG_INFORMATION_FORMAT = "dwarf-with-dsym";
				ENABLE_NS_ASSERTIONS = NO;
				ENABLE_STRICT_OBJC_MSGSEND = YES;
				GCC_C_LANGUAGE_STANDARD = gnu99;
				GCC_NO_COMMON_BLOCKS = YES;
				GCC_WARN_64_TO_32_BIT_CONVERSION = YES;
				GCC_WARN_ABOUT_RETURN_TYPE = YES_ERROR;
				GCC_WARN_UNDECLARED_SELECTOR = YES;
				GCC_WARN_UNINITIALIZED_AUTOS = YES_AGGRESSIVE;
				GCC_WARN_UNUSED_FUNCTION = YES;
				GCC_WARN_UNUSED_VARIABLE = YES;
				IPHONEOS_DEPLOYMENT_TARGET = 10.2;
				MTL_ENABLE_DEBUG_INFO = NO;
				SDKROOT = iphoneos;
				VALIDATE_PRODUCT = YES;
			};
			name = Release;
		};
		1B42D1FD1E23DA140026EE32 /* Debug */ = {
			isa = XCBuildConfiguration;
			buildSettings = {
				ASSETCATALOG_COMPILER_APPICON_NAME = AppIcon;
				DEVELOPMENT_TEAM = Y849773338;
				INFOPLIST_FILE = AccessUI/Info.plist;
				LD_RUNPATH_SEARCH_PATHS = "$(inherited) @executable_path/Frameworks";
				PRODUCT_BUNDLE_IDENTIFIER = com.Biexia.AccessUI;
				PRODUCT_NAME = "$(TARGET_NAME)";
			};
			name = Debug;
		};
		1B42D1FE1E23DA140026EE32 /* Release */ = {
			isa = XCBuildConfiguration;
			buildSettings = {
				ASSETCATALOG_COMPILER_APPICON_NAME = AppIcon;
				DEVELOPMENT_TEAM = Y849773338;
				INFOPLIST_FILE = AccessUI/Info.plist;
				LD_RUNPATH_SEARCH_PATHS = "$(inherited) @executable_path/Frameworks";
				PRODUCT_BUNDLE_IDENTIFIER = com.Biexia.AccessUI;
				PRODUCT_NAME = "$(TARGET_NAME)";
			};
			name = Release;
		};
/* End XCBuildConfiguration section */

/* Begin XCConfigurationList section */
		1B42D1E01E23DA130026EE32 /* Build configuration list for PBXProject "AccessUI" */ = {
			isa = XCConfigurationList;
			buildConfigurations = (
				1B42D1FA1E23DA140026EE32 /* Debug */,
				1B42D1FB1E23DA140026EE32 /* Release */,
			);
			defaultConfigurationIsVisible = 0;
			defaultConfigurationName = Release;
		};
		1B42D1FC1E23DA140026EE32 /* Build configuration list for PBXNativeTarget "AccessUI" */ = {
			isa = XCConfigurationList;
			buildConfigurations = (
				1B42D1FD1E23DA140026EE32 /* Debug */,
				1B42D1FE1E23DA140026EE32 /* Release */,
			);
			defaultConfigurationIsVisible = 0;
		};
/* End XCConfigurationList section */
	};
	rootObject = 1B42D1DD1E23DA130026EE32 /* Project object */;
}
